
Microsoft Visual Studio Solution File, Format Version 12.00
# Visual Studio Version 17
VisualStudioVersion = 17.8.34309.116
MinimumVisualStudioVersion = 10.0.40219.1
Project("{FAE04EC0-301F-11D3-BF4B-00C04F79EFBC}") = "BMICalculator", "BMICalculator\BMICalculator.csproj", "{F8A82D05-EFF2-4C49-90CE-073555CF840D}"
EndProject
Global
	GlobalSection(SolutionConfigurationPlatforms) = preSolution
		Debug|Any CPU = Debug|Any CPU
		Release|Any CPU = Release|Any CPU
	EndGlobalSection
	GlobalSection(ProjectConfigurationPlatforms) = postSolution
		{F8A82D05-EFF2-4C49-90CE-073555CF840D}.Debug|Any CPU.ActiveCfg = Debug|Any CPU
		{F8A82D05-EFF2-4C49-90CE-073555CF840D}.Debug|Any CPU.Build.0 = Debug|Any CPU
		{F8A82D05-EFF2-4C49-90CE-073555CF840D}.Release|Any CPU.ActiveCfg = Release|Any CPU
		{F8A82D05-EFF2-4C49-90CE-073555CF840D}.Release|Any CPU.Build.0 = Release|Any CPU
	EndGlobalSection
	GlobalSection(SolutionProperties) = preSolution
		HideSolutionNode = FALSE
	EndGlobalSection
	GlobalSection(ExtensibilityGlobals) = postSolution
		SolutionGuid = {876D6344-9110-4355-A6E8-81343753B352}
	EndGlobalSection
EndGlobal
